
Microsoft Visual Studio Solution File, Format Version 12.00
# Visual Studio Version 17
VisualStudioVersion = 17.3.32825.248
MinimumVisualStudioVersion = 10.0.40219.1
Project("{FAE04EC0-301F-11D3-BF4B-00C04F79EFBC}") = "CollectionSeconProject", "CollectionSeconProject\CollectionSeconProject.csproj", "{1B743710-7976-4B88-B13E-DA49170CE1A2}"
EndProject
Global
	GlobalSection(SolutionConfigurationPlatforms) = preSolution
		Debug|Any CPU = Debug|Any CPU
		Release|Any CPU = Release|Any CPU
	EndGlobalSection
	GlobalSection(ProjectConfigurationPlatforms) = postSolution
		{1B743710-7976-4B88-B13E-DA49170CE1A2}.Debug|Any CPU.ActiveCfg = Debug|Any CPU
		{1B743710-7976-4B88-B13E-DA49170CE1A2}.Debug|Any CPU.Build.0 = Debug|Any CPU
		{1B743710-7976-4B88-B13E-DA49170CE1A2}.Release|Any CPU.ActiveCfg = Release|Any CPU
		{1B743710-7976-4B88-B13E-DA49170CE1A2}.Release|Any CPU.Build.0 = Release|Any CPU
	EndGlobalSection
	GlobalSection(SolutionProperties) = preSolution
		HideSolutionNode = FALSE
	EndGlobalSection
	GlobalSection(ExtensibilityGlobals) = postSolution
		SolutionGuid = {E719D4FF-F672-4361-A239-6B5951B54190}
	EndGlobalSection
EndGlobal
